{
  "name": "@peacheym/libmapper.js",
  "version": "0.0.1",
  "lockfileVersion": 2,
  "requires": true,
  "packages": {
    "": {
      "name": "@peacheym/libmapper.js",
      "version": "0.0.1",
      "dependencies": {
        "@grame/faustwasm": "^0.4.4",
        "@peacheym/libmapper.js": "^0.0.1"
      }
    },
    "node_modules/@grame/faustwasm": {
      "version": "0.4.4",
      "resolved": "https://registry.npmjs.org/@grame/faustwasm/-/faustwasm-0.4.4.tgz",
      "integrity": "sha512-3/21RGzmpUXgDIcTt63FqfPxqmw2quZLI1xl8T0+nnfitaaJHRmCjfAfESr8pjr4JvLTBp/uXqdbrKhL327niw==",
      "dependencies": {
        "@types/emscripten": "^1.39.10"
      },
      "bin": {
        "faust2sndfile-ts": "scripts/faust2sndfile.js",
        "faust2svg-ts": "scripts/faust2svg.js",
        "faust2wasm-ts": "scripts/faust2wasm.js"
      }
    },
    "node_modules/@peacheym/libmapper.js": {
      "version": "0.0.1",
      "resolved": "https://registry.npmjs.org/@peacheym/libmapper.js/-/libmapper.js-0.0.1.tgz",
      "integrity": "sha512-HHyTV3EGwSmxehnmgLTjX49hDt4F1OxqDM3VX3UCyhZHHh6/rlk6Zr0EXV2azpugZl2ZUf7mLvo2YW6MsxqytQ=="
    },
    "node_modules/@types/emscripten": {
      "version": "1.39.13",
      "resolved": "https://registry.npmjs.org/@types/emscripten/-/emscripten-1.39.13.tgz",
      "integrity": "sha512-cFq+fO/isvhvmuP/+Sl4K4jtU6E23DoivtbO4r50e3odaxAiVdbfSYRDdJ4gCdxx+3aRjhphS5ZMwIH4hFy/Cw=="
    }
  },
  "dependencies": {
    "@grame/faustwasm": {
      "version": "0.4.4",
      "resolved": "https://registry.npmjs.org/@grame/faustwasm/-/faustwasm-0.4.4.tgz",
      "integrity": "sha512-3/21RGzmpUXgDIcTt63FqfPxqmw2quZLI1xl8T0+nnfitaaJHRmCjfAfESr8pjr4JvLTBp/uXqdbrKhL327niw==",
      "requires": {
        "@types/emscripten": "^1.39.10"
      }
    },
    "@peacheym/libmapper.js": {
      "version": "0.0.1",
      "resolved": "https://registry.npmjs.org/@peacheym/libmapper.js/-/libmapper.js-0.0.1.tgz",
      "integrity": "sha512-HHyTV3EGwSmxehnmgLTjX49hDt4F1OxqDM3VX3UCyhZHHh6/rlk6Zr0EXV2azpugZl2ZUf7mLvo2YW6MsxqytQ=="
    },
    "@types/emscripten": {
      "version": "1.39.13",
      "resolved": "https://registry.npmjs.org/@types/emscripten/-/emscripten-1.39.13.tgz",
      "integrity": "sha512-cFq+fO/isvhvmuP/+Sl4K4jtU6E23DoivtbO4r50e3odaxAiVdbfSYRDdJ4gCdxx+3aRjhphS5ZMwIH4hFy/Cw=="
    }
  }
}
