{
  "name": "@peacheym/libmapper.js",
  "version": "0.0.1",
  "lockfileVersion": 2,
  "requires": true,
  "packages": {
    "": {
      "name": "@peacheym/libmapper.js",
      "version": "0.0.1",
      "dependencies": {
        "@peacheym/libmapper.js": "^0.0.1"
      }
    },
    "node_modules/@peacheym/libmapper.js": {
      "version": "0.0.1",
      "resolved": "https://registry.npmjs.org/@peacheym/libmapper.js/-/libmapper.js-0.0.1.tgz",
      "integrity": "sha512-HHyTV3EGwSmxehnmgLTjX49hDt4F1OxqDM3VX3UCyhZHHh6/rlk6Zr0EXV2azpugZl2ZUf7mLvo2YW6MsxqytQ=="
    }
  },
  "dependencies": {
    "@peacheym/libmapper.js": {
      "version": "0.0.1",
      "resolved": "https://registry.npmjs.org/@peacheym/libmapper.js/-/libmapper.js-0.0.1.tgz",
      "integrity": "sha512-HHyTV3EGwSmxehnmgLTjX49hDt4F1OxqDM3VX3UCyhZHHh6/rlk6Zr0EXV2azpugZl2ZUf7mLvo2YW6MsxqytQ=="
    }
  }
}
